
Microsoft Visual Studio Solution File, Format Version 12.00
# Visual Studio 15
VisualStudioVersion = 15.0.28307.168
MinimumVisualStudioVersion = 10.0.40219.1
Project("{2150E333-8FDC-42A3-9474-1A3956D46DE8}") = "UiPath.FlowProfiler", "UiPath.FlowProfiler", "{ABCF94E3-2815-4DB0-9629-7A08CFC7A009}"
EndProject
Project("{FAE04EC0-301F-11D3-BF4B-00C04F79EFBC}") = "UiPath.FlowProfiler.Activities", "UiPath.FlowProfiler\UiPath.FlowProfiler.Activities\UiPath.FlowProfiler.Activities.csproj", "{6A79F365-8199-4D97-BF18-DB37E7A96D40}"
EndProject
Project("{FAE04EC0-301F-11D3-BF4B-00C04F79EFBC}") = "UiPath.FlowProfiler.Activities.Design", "UiPath.FlowProfiler\UiPath.FlowProfiler.Activities.Design\UiPath.FlowProfiler.Activities.Design.csproj", "{2E738CC7-032A-43D7-8AC8-94ED3D295698}"
EndProject
Global
	GlobalSection(SolutionConfigurationPlatforms) = preSolution
		Debug|Any CPU = Debug|Any CPU
		Release|Any CPU = Release|Any CPU
	EndGlobalSection
	GlobalSection(ProjectConfigurationPlatforms) = postSolution
		{6A79F365-8199-4D97-BF18-DB37E7A96D40}.Debug|Any CPU.ActiveCfg = Debug|Any CPU
		{6A79F365-8199-4D97-BF18-DB37E7A96D40}.Debug|Any CPU.Build.0 = Debug|Any CPU
		{6A79F365-8199-4D97-BF18-DB37E7A96D40}.Release|Any CPU.ActiveCfg = Release|Any CPU
		{6A79F365-8199-4D97-BF18-DB37E7A96D40}.Release|Any CPU.Build.0 = Release|Any CPU
		{2E738CC7-032A-43D7-8AC8-94ED3D295698}.Debug|Any CPU.ActiveCfg = Debug|Any CPU
		{2E738CC7-032A-43D7-8AC8-94ED3D295698}.Debug|Any CPU.Build.0 = Debug|Any CPU
		{2E738CC7-032A-43D7-8AC8-94ED3D295698}.Release|Any CPU.ActiveCfg = Release|Any CPU
		{2E738CC7-032A-43D7-8AC8-94ED3D295698}.Release|Any CPU.Build.0 = Release|Any CPU
	EndGlobalSection
	GlobalSection(SolutionProperties) = preSolution
		HideSolutionNode = FALSE
	EndGlobalSection
	GlobalSection(NestedProjects) = preSolution
		{6A79F365-8199-4D97-BF18-DB37E7A96D40} = {ABCF94E3-2815-4DB0-9629-7A08CFC7A009}
		{2E738CC7-032A-43D7-8AC8-94ED3D295698} = {ABCF94E3-2815-4DB0-9629-7A08CFC7A009}
	EndGlobalSection
	GlobalSection(ExtensibilityGlobals) = postSolution
		SolutionGuid = {C6813A67-8AFB-4605-BF86-EA75E959B7CD}
	EndGlobalSection
EndGlobal
